
Microsoft Visual Studio Solution File, Format Version 12.00
# Visual Studio Version 17
VisualStudioVersion = 17.0.31903.59
MinimumVisualStudioVersion = 10.0.40219.1
Project("{FAE04EC0-301F-11D3-BF4B-00C04F79EFBC}") = "RavenDBLambda", "src\RavenDBLambda.csproj", "{31E28798-7E71-46B3-8CEE-26285F12BE05}"
EndProject
Global
	GlobalSection(SolutionConfigurationPlatforms) = preSolution
		Debug|Any CPU = Debug|Any CPU
		Release|Any CPU = Release|Any CPU
	EndGlobalSection
	GlobalSection(SolutionProperties) = preSolution
		HideSolutionNode = FALSE
	EndGlobalSection
	GlobalSection(ProjectConfigurationPlatforms) = postSolution
		{31E28798-7E71-46B3-8CEE-26285F12BE05}.Debug|Any CPU.ActiveCfg = Debug|Any CPU
		{31E28798-7E71-46B3-8CEE-26285F12BE05}.Debug|Any CPU.Build.0 = Debug|Any CPU
		{31E28798-7E71-46B3-8CEE-26285F12BE05}.Release|Any CPU.ActiveCfg = Release|Any CPU
		{31E28798-7E71-46B3-8CEE-26285F12BE05}.Release|Any CPU.Build.0 = Release|Any CPU
		{DA9AB143-3698-4B65-BF6D-4705F48F5EB7}.Debug|Any CPU.ActiveCfg = Debug|Any CPU
		{DA9AB143-3698-4B65-BF6D-4705F48F5EB7}.Debug|Any CPU.Build.0 = Debug|Any CPU
		{DA9AB143-3698-4B65-BF6D-4705F48F5EB7}.Release|Any CPU.ActiveCfg = Release|Any CPU
		{DA9AB143-3698-4B65-BF6D-4705F48F5EB7}.Release|Any CPU.Build.0 = Release|Any CPU
	EndGlobalSection
EndGlobal
